
Microsoft Visual Studio Solution File, Format Version 12.00
# Visual Studio Version 17
VisualStudioVersion = 17.13.35931.197 d17.13
MinimumVisualStudioVersion = 10.0.40219.1
Project("{FAE04EC0-301F-11D3-BF4B-00C04F79EFBC}") = "Tlhargh", "Tlhargh.csproj", "{68204369-11EB-4BA3-9CA2-F920FD67B434}"
EndProject
Project("{FAE04EC0-301F-11D3-BF4B-00C04F79EFBC}") = "Tlhargh.Test", "Test\Tlhargh.Test.csproj", "{69496292-A4E9-41D9-B526-6C181B5FE060}"
EndProject
Global
	GlobalSection(SolutionConfigurationPlatforms) = preSolution
		Debug|Any CPU = Debug|Any CPU
		Release|Any CPU = Release|Any CPU
	EndGlobalSection
	GlobalSection(ProjectConfigurationPlatforms) = postSolution
		{68204369-11EB-4BA3-9CA2-F920FD67B434}.Debug|Any CPU.ActiveCfg = Debug|Any CPU
		{68204369-11EB-4BA3-9CA2-F920FD67B434}.Debug|Any CPU.Build.0 = Debug|Any CPU
		{68204369-11EB-4BA3-9CA2-F920FD67B434}.Release|Any CPU.ActiveCfg = Release|Any CPU
		{68204369-11EB-4BA3-9CA2-F920FD67B434}.Release|Any CPU.Build.0 = Release|Any CPU
		{69496292-A4E9-41D9-B526-6C181B5FE060}.Debug|Any CPU.ActiveCfg = Debug|Any CPU
		{69496292-A4E9-41D9-B526-6C181B5FE060}.Debug|Any CPU.Build.0 = Debug|Any CPU
		{69496292-A4E9-41D9-B526-6C181B5FE060}.Release|Any CPU.ActiveCfg = Release|Any CPU
		{69496292-A4E9-41D9-B526-6C181B5FE060}.Release|Any CPU.Build.0 = Release|Any CPU
	EndGlobalSection
	GlobalSection(SolutionProperties) = preSolution
		HideSolutionNode = FALSE
	EndGlobalSection
	GlobalSection(ExtensibilityGlobals) = postSolution
		SolutionGuid = {7B9C59DB-A900-430B-8EBD-D9BA49CC8ED8}
	EndGlobalSection
EndGlobal
